{
  "nodes": {
    "nixpkgs-26-05": {
      "locked": {
        "lastModified": 1780453794,
        "narHash": "sha256-bXMRa9VTsHSPXL4Cw8R6JJLQeY3Y/IP4+YJCYVmQ7FY=",
        "owner": "NixOS",
        "repo": "nixpkgs",
        "rev": "6b316287bae2ee04c9b93c8c858d930fd07d7338",
        "type": "github"
      },
      "original": {
        "owner": "NixOS",
        "ref": "nixos-26.05",
        "repo": "nixpkgs",
        "type": "github"
      }
    },
    "nixpkgs-unstable": {
      "locked": {
        "lastModified": 1790323409,
        "narHash": "sha256-VVTPf+Hyd5ebpjBMHmrLMSBIeW6ls48Bqtosj7CNKLA=",
        "owner": "NixOS",
        "repo": "nixpkgs",
        "rev": "e94cb152ed51bd6e24eb4a41f1460252beb52cd2",
        "type": "github"
      },
      "original": {
        "owner": "NixOS",
        "ref": "nixos-unstable",
        "repo": "nixpkgs",
        "type": "github"
      }
    },
    "nixpkgs-version": {
      "inputs": {
        "nixpkgs-26-05": "nixpkgs-26-05",
        "nixpkgs-unstable": "nixpkgs-unstable"
      },
      "locked": {
        "lastModified": 1790472660,
        "narHash": "sha256-DvTthD9dERakb4f9aQdfZMuus7r24j9dF6Kuws4Z5cQ=",
        "owner": "QGIS",
        "repo": "qgis-nixpkgs-version",
        "rev": "a990c1603e335c29a7c8fb0d4932ba22c7a62f00",
        "type": "github"
      },
      "original": {
        "owner": "QGIS",
        "repo": "qgis-nixpkgs-version",
        "type": "github"
      }
    },
    "qgis-website-theme": {
      "flake": false,
      "locked": {
        "lastModified": 1790753478,
        "narHash": "sha256-mxrMvsQGgJhsc/6hr/UaUEdWizUQPpom4XzEDPT96ZM=",
        "owner": "qgis",
        "repo": "QGIS-Hugo-Website-Theme",
        "rev": "8937f7674daea7ac6dd2e46fadac28dd66eaf5c7",
        "type": "github"
      },
      "original": {
        "owner": "qgis",
        "repo": "QGIS-Hugo-Website-Theme",
        "rev": "8937f7674daea7ac6dd2e46fadac28dd66eaf5c7",
        "type": "github"
      }
    },
    "root": {
      "inputs": {
        "nixpkgs": [
          "nixpkgs-version",
          "nixpkgs-26-05"
        ],
        "nixpkgs-version": "nixpkgs-version",
        "qgis-website-theme": "qgis-website-theme"
      }
    }
  },
  "root": "root",
  "version": 7
}
