{
  "nodes": {
    "nixpkgs-26-05": {
      "locked": {
        "lastModified": 1780453794,
        "narHash": "sha256-bXMRa9VTsHSPXL4Cw8R6JJLQeY3Y/IP4+YJCYVmQ7FY=",
        "owner": "NixOS",
        "repo": "nixpkgs",
        "rev": "6b316287bae2ee04c9b93c8c858d930fd07d7338",
        "type": "github"
      },
      "original": {
        "owner": "NixOS",
        "ref": "nixos-26.05",
        "repo": "nixpkgs",
        "type": "github"
      }
    },
    "nixpkgs-unstable": {
      "locked": {
        "lastModified": 1787900134,
        "narHash": "sha256-VYXO0XZlgj06dxJZRhrD3WoSsvq/c7+/Akyoa22pefw=",
        "owner": "NixOS",
        "repo": "nixpkgs",
        "rev": "83199d0d373dd3ac2b9a1996b1d0263f76ab7a4c",
        "type": "github"
      },
      "original": {
        "owner": "NixOS",
        "ref": "nixos-unstable",
        "repo": "nixpkgs",
        "type": "github"
      }
    },
    "nixpkgs-version": {
      "inputs": {
        "nixpkgs-26-05": "nixpkgs-26-05",
        "nixpkgs-unstable": "nixpkgs-unstable"
      },
      "locked": {
        "lastModified": 1788053008,
        "narHash": "sha256-ZeShLPgL/XNosLvHOo1NAlUbeRKWzwHrGuNmwI30gzc=",
        "owner": "QGIS",
        "repo": "qgis-nixpkgs-version",
        "rev": "236b987dce6af93f5ad5f274070ca2a4e55a8114",
        "type": "github"
      },
      "original": {
        "owner": "QGIS",
        "repo": "qgis-nixpkgs-version",
        "type": "github"
      }
    },
    "root": {
      "inputs": {
        "nixpkgs": [
          "nixpkgs-version",
          "nixpkgs-26-05"
        ],
        "nixpkgs-unstable": [
          "nixpkgs-version",
          "nixpkgs-unstable"
        ],
        "nixpkgs-version": "nixpkgs-version"
      }
    }
  },
  "root": "root",
  "version": 7
}
