{
  "nodes": {
    "nixpkgs-26-05": {
      "locked": {
        "lastModified": 1780453794,
        "narHash": "sha256-bXMRa9VTsHSPXL4Cw8R6JJLQeY3Y/IP4+YJCYVmQ7FY=",
        "owner": "NixOS",
        "repo": "nixpkgs",
        "rev": "6b316287bae2ee04c9b93c8c858d930fd07d7338",
        "type": "github"
      },
      "original": {
        "owner": "NixOS",
        "ref": "nixos-26.05",
        "repo": "nixpkgs",
        "type": "github"
      }
    },
    "nixpkgs-unstable": {
      "locked": {
        "lastModified": 1784356753,
        "narHash": "sha256-12KrbMiWLcf8m7pCvAtZh1ZrgF85ZXDXvfR/fWTKy84=",
        "owner": "NixOS",
        "repo": "nixpkgs",
        "rev": "61b7c44c4073f0b827768aff0049561b5110ea5a",
        "type": "github"
      },
      "original": {
        "owner": "NixOS",
        "ref": "nixos-unstable",
        "repo": "nixpkgs",
        "type": "github"
      }
    },
    "nixpkgs-version": {
      "inputs": {
        "nixpkgs-26-05": "nixpkgs-26-05",
        "nixpkgs-unstable": "nixpkgs-unstable"
      },
      "locked": {
        "lastModified": 1784425016,
        "narHash": "sha256-hoKYYMUGyvhC0FjNK6rw6cvkJUAaV7b1XQNYH503GdI=",
        "owner": "QGIS",
        "repo": "qgis-nixpkgs-version",
        "rev": "507ef34d181c978604f59a2d2b25abf6d94a20dc",
        "type": "github"
      },
      "original": {
        "owner": "QGIS",
        "repo": "qgis-nixpkgs-version",
        "type": "github"
      }
    },
    "qgis-website-theme": {
      "flake": false,
      "locked": {
        "lastModified": 1784711285,
        "narHash": "sha256-sCKKh0rWh2dt24B1M+FI8JBnY6LKk6gBvfuvXbqy2HU=",
        "owner": "qgis",
        "repo": "QGIS-Hugo-Website-Theme",
        "rev": "f42ab6a8dcd363282d978275c7c2bc06a33c89cc",
        "type": "github"
      },
      "original": {
        "owner": "qgis",
        "repo": "QGIS-Hugo-Website-Theme",
        "rev": "f42ab6a8dcd363282d978275c7c2bc06a33c89cc",
        "type": "github"
      }
    },
    "root": {
      "inputs": {
        "nixpkgs": [
          "nixpkgs-version",
          "nixpkgs-26-05"
        ],
        "nixpkgs-version": "nixpkgs-version",
        "qgis-website-theme": "qgis-website-theme"
      }
    }
  },
  "root": "root",
  "version": 7
}
